
Microsoft Visual Studio Solution File, Format Version 12.00
# Visual Studio Version 17
VisualStudioVersion = 17.9.34723.18
MinimumVisualStudioVersion = 10.0.40219.1
Project("{2150E333-8FDC-42A3-9474-1A3956D46DE8}") = "Services", "Services", "{54F8088E-4B79-4D11-9656-14B6D7060579}"
EndProject
Project("{2150E333-8FDC-42A3-9474-1A3956D46DE8}") = "Catalog", "Catalog", "{691D4799-4140-4D32-B21B-0205EEDE41C9}"
EndProject
Project("{9A19103F-16F7-4668-BE54-9A1E7A4F7556}") = "Catalog.Api", "Services\Catalog\Catalog.Api\Catalog.Api.csproj", "{FD9D0CEB-3972-4B7F-A5C0-15DF8B448015}"
EndProject
Project("{2150E333-8FDC-42A3-9474-1A3956D46DE8}") = "BuildingBlocks", "BuildingBlocks", "{EDAEFFDA-854A-4118-8D71-CD737EAC7875}"
EndProject
Project("{9A19103F-16F7-4668-BE54-9A1E7A4F7556}") = "BuildingBlocks", "BuildingBlocks\BuildingBlocks\BuildingBlocks.csproj", "{B54A8434-18AD-4C95-9295-61F034CDCBB0}"
EndProject
Project("{2150E333-8FDC-42A3-9474-1A3956D46DE8}") = "Solution Items", "Solution Items", "{3BFB4E2B-EA51-447F-81A3-9C0C2D800F02}"
	ProjectSection(SolutionItems) = preProject
		docker-compose.yml = docker-compose.yml
	EndProjectSection
EndProject
Project("{2150E333-8FDC-42A3-9474-1A3956D46DE8}") = "Basket", "Basket", "{B5796E8C-38B4-458C-B760-C065790B5CA5}"
EndProject
Project("{9A19103F-16F7-4668-BE54-9A1E7A4F7556}") = "basket.Api", "Services\Basket\basket.Api\basket.Api.csproj", "{BDAD6EC4-6B38-4CE8-83E7-F91ADB0DB84D}"
EndProject
Project("{2150E333-8FDC-42A3-9474-1A3956D46DE8}") = "Discount", "Discount", "{0D2BFAAB-6823-48E4-B26E-B97AF64EFF9E}"
EndProject
Project("{9A19103F-16F7-4668-BE54-9A1E7A4F7556}") = "Discount.Grpc", "Services\Discount\Discount.Grpc\Discount.Grpc.csproj", "{6DD1B48B-60EB-4213-8B35-83E0D83426B3}"
EndProject
Project("{2150E333-8FDC-42A3-9474-1A3956D46DE8}") = "Ordering", "Ordering", "{EB72C62C-9CBA-42EB-926B-74A0D170434E}"
EndProject
Project("{9A19103F-16F7-4668-BE54-9A1E7A4F7556}") = "Ordering.Api", "Services\Ordering\Ordering.Api\Ordering.Api.csproj", "{5579B63A-722E-4173-90E5-8C632A058D34}"
EndProject
Project("{FAE04EC0-301F-11D3-BF4B-00C04F79EFBC}") = "Ordering.Domain", "Services\Ordering\Ordering.Domain\Ordering.Domain.csproj", "{A2FA6C39-BDCD-4715-886D-409F824299CE}"
EndProject
Project("{FAE04EC0-301F-11D3-BF4B-00C04F79EFBC}") = "Ordering.Application", "Services\Ordering\Ordering.Application\Ordering.Application.csproj", "{B6E69124-571D-48BD-B8C5-49B456731ED0}"
EndProject
Project("{FAE04EC0-301F-11D3-BF4B-00C04F79EFBC}") = "Ordering.Infrastructure", "Services\Ordering\Ordering.Infrastructure\Ordering.Infrastructure.csproj", "{FFDEC0C6-78B1-4B65-91CE-6C9DAB801BDA}"
EndProject
Global
	GlobalSection(SolutionConfigurationPlatforms) = preSolution
		Debug|Any CPU = Debug|Any CPU
		Release|Any CPU = Release|Any CPU
	EndGlobalSection
	GlobalSection(ProjectConfigurationPlatforms) = postSolution
		{FD9D0CEB-3972-4B7F-A5C0-15DF8B448015}.Debug|Any CPU.ActiveCfg = Debug|Any CPU
		{FD9D0CEB-3972-4B7F-A5C0-15DF8B448015}.Debug|Any CPU.Build.0 = Debug|Any CPU
		{FD9D0CEB-3972-4B7F-A5C0-15DF8B448015}.Release|Any CPU.ActiveCfg = Release|Any CPU
		{FD9D0CEB-3972-4B7F-A5C0-15DF8B448015}.Release|Any CPU.Build.0 = Release|Any CPU
		{B54A8434-18AD-4C95-9295-61F034CDCBB0}.Debug|Any CPU.ActiveCfg = Debug|Any CPU
		{B54A8434-18AD-4C95-9295-61F034CDCBB0}.Debug|Any CPU.Build.0 = Debug|Any CPU
		{B54A8434-18AD-4C95-9295-61F034CDCBB0}.Release|Any CPU.ActiveCfg = Release|Any CPU
		{B54A8434-18AD-4C95-9295-61F034CDCBB0}.Release|Any CPU.Build.0 = Release|Any CPU
		{BDAD6EC4-6B38-4CE8-83E7-F91ADB0DB84D}.Debug|Any CPU.ActiveCfg = Debug|Any CPU
		{BDAD6EC4-6B38-4CE8-83E7-F91ADB0DB84D}.Debug|Any CPU.Build.0 = Debug|Any CPU
		{BDAD6EC4-6B38-4CE8-83E7-F91ADB0DB84D}.Release|Any CPU.ActiveCfg = Release|Any CPU
		{BDAD6EC4-6B38-4CE8-83E7-F91ADB0DB84D}.Release|Any CPU.Build.0 = Release|Any CPU
		{6DD1B48B-60EB-4213-8B35-83E0D83426B3}.Debug|Any CPU.ActiveCfg = Debug|Any CPU
		{6DD1B48B-60EB-4213-8B35-83E0D83426B3}.Debug|Any CPU.Build.0 = Debug|Any CPU
		{6DD1B48B-60EB-4213-8B35-83E0D83426B3}.Release|Any CPU.ActiveCfg = Release|Any CPU
		{6DD1B48B-60EB-4213-8B35-83E0D83426B3}.Release|Any CPU.Build.0 = Release|Any CPU
		{5579B63A-722E-4173-90E5-8C632A058D34}.Debug|Any CPU.ActiveCfg = Debug|Any CPU
		{5579B63A-722E-4173-90E5-8C632A058D34}.Debug|Any CPU.Build.0 = Debug|Any CPU
		{5579B63A-722E-4173-90E5-8C632A058D34}.Release|Any CPU.ActiveCfg = Release|Any CPU
		{5579B63A-722E-4173-90E5-8C632A058D34}.Release|Any CPU.Build.0 = Release|Any CPU
		{A2FA6C39-BDCD-4715-886D-409F824299CE}.Debug|Any CPU.ActiveCfg = Debug|Any CPU
		{A2FA6C39-BDCD-4715-886D-409F824299CE}.Debug|Any CPU.Build.0 = Debug|Any CPU
		{A2FA6C39-BDCD-4715-886D-409F824299CE}.Release|Any CPU.ActiveCfg = Release|Any CPU
		{A2FA6C39-BDCD-4715-886D-409F824299CE}.Release|Any CPU.Build.0 = Release|Any CPU
		{B6E69124-571D-48BD-B8C5-49B456731ED0}.Debug|Any CPU.ActiveCfg = Debug|Any CPU
		{B6E69124-571D-48BD-B8C5-49B456731ED0}.Debug|Any CPU.Build.0 = Debug|Any CPU
		{B6E69124-571D-48BD-B8C5-49B456731ED0}.Release|Any CPU.ActiveCfg = Release|Any CPU
		{B6E69124-571D-48BD-B8C5-49B456731ED0}.Release|Any CPU.Build.0 = Release|Any CPU
		{FFDEC0C6-78B1-4B65-91CE-6C9DAB801BDA}.Debug|Any CPU.ActiveCfg = Debug|Any CPU
		{FFDEC0C6-78B1-4B65-91CE-6C9DAB801BDA}.Debug|Any CPU.Build.0 = Debug|Any CPU
		{FFDEC0C6-78B1-4B65-91CE-6C9DAB801BDA}.Release|Any CPU.ActiveCfg = Release|Any CPU
		{FFDEC0C6-78B1-4B65-91CE-6C9DAB801BDA}.Release|Any CPU.Build.0 = Release|Any CPU
	EndGlobalSection
	GlobalSection(SolutionProperties) = preSolution
		HideSolutionNode = FALSE
	EndGlobalSection
	GlobalSection(NestedProjects) = preSolution
		{691D4799-4140-4D32-B21B-0205EEDE41C9} = {54F8088E-4B79-4D11-9656-14B6D7060579}
		{FD9D0CEB-3972-4B7F-A5C0-15DF8B448015} = {691D4799-4140-4D32-B21B-0205EEDE41C9}
		{B54A8434-18AD-4C95-9295-61F034CDCBB0} = {EDAEFFDA-854A-4118-8D71-CD737EAC7875}
		{B5796E8C-38B4-458C-B760-C065790B5CA5} = {54F8088E-4B79-4D11-9656-14B6D7060579}
		{BDAD6EC4-6B38-4CE8-83E7-F91ADB0DB84D} = {B5796E8C-38B4-458C-B760-C065790B5CA5}
		{0D2BFAAB-6823-48E4-B26E-B97AF64EFF9E} = {54F8088E-4B79-4D11-9656-14B6D7060579}
		{6DD1B48B-60EB-4213-8B35-83E0D83426B3} = {0D2BFAAB-6823-48E4-B26E-B97AF64EFF9E}
		{EB72C62C-9CBA-42EB-926B-74A0D170434E} = {54F8088E-4B79-4D11-9656-14B6D7060579}
		{5579B63A-722E-4173-90E5-8C632A058D34} = {EB72C62C-9CBA-42EB-926B-74A0D170434E}
		{A2FA6C39-BDCD-4715-886D-409F824299CE} = {EB72C62C-9CBA-42EB-926B-74A0D170434E}
		{B6E69124-571D-48BD-B8C5-49B456731ED0} = {EB72C62C-9CBA-42EB-926B-74A0D170434E}
		{FFDEC0C6-78B1-4B65-91CE-6C9DAB801BDA} = {EB72C62C-9CBA-42EB-926B-74A0D170434E}
	EndGlobalSection
	GlobalSection(ExtensibilityGlobals) = postSolution
		SolutionGuid = {23C80157-55DD-4ADD-904D-B77C778CDC23}
	EndGlobalSection
EndGlobal
